{
  "name": "sunday-gen-test",
  "version": "1.0.0",
  "lockfileVersion": 2,
  "requires": true,
  "packages": {
    "": {
      "name": "sunday-gen-test",
      "version": "1.0.0",
      "license": "outfox",
      "dependencies": {
        "@outfoxx/jackson-js": "~1.4.0",
        "@outfoxx/sunday": "~1.1.0-beta.3"
      },
      "devDependencies": {
        "typescript": "^4.0.2"
      }
    },
    "node_modules/@js-joda/core": {
      "version": "5.2.0",
      "resolved": "https://registry.npmjs.org/@js-joda/core/-/core-5.2.0.tgz",
      "integrity": "sha512-0OriPYIaMLB3XiLQMe0BXKVIqeriTn3H7JMOzTsHEtt7Zqq+TetCu97KnAhU3ckiQZKBxfZshft+H1OC4D1lXw=="
    },
    "node_modules/@outfoxx/cbor-redux": {
      "version": "0.3.1",
      "resolved": "https://registry.npmjs.org/@outfoxx/cbor-redux/-/cbor-redux-0.3.1.tgz",
      "integrity": "sha512-C7OwetD2nutZVwaS5YYcMh5C0Xmqb/cEEVjjlcd2Pr22suGub7lWlUwiLm/p65QqTX73V+UaW4oPnhW8yej+EA=="
    },
    "node_modules/@outfoxx/jackson-js": {
      "version": "1.4.0",
      "resolved": "https://registry.npmjs.org/@outfoxx/jackson-js/-/jackson-js-1.4.0.tgz",
      "integrity": "sha512-ZWiMDjJHmm9dYeC+tssJtPYKj/zS1QqPQ0yddSrsFPStQWoj3jCF4JJej11osRtGsyHjFOQggRgjE0d93o44IA==",
      "dependencies": {
        "lodash.clone": "^4.5.0",
        "lodash.clonedeep": "^4.5.0",
        "meriyah": "^1.9.12",
        "reflect-metadata": "^0.1.13"
      }
    },
    "node_modules/@outfoxx/sunday": {
      "version": "1.1.0-beta.3",
      "resolved": "https://registry.npmjs.org/@outfoxx/sunday/-/sunday-1.1.0-beta.3.tgz",
      "integrity": "sha512-/Vv+4BHccAylPDZ+pzPoQADia4mvztefVZbMT4vwYlqfXSMGe01z/NFJQFPzPpaqM/NTZrnLK/iqUcfIcTrTjw==",
      "dependencies": {
        "@js-joda/core": "5.2.x",
        "@outfoxx/cbor-redux": "0.3.x",
        "@outfoxx/jackson-js": "1.4.x",
        "common-tags": "1.8.x",
        "tslib": "2.4.x",
        "uri-template-lite": "^22.9.0"
      },
      "peerDependencies": {
        "rxjs": "7.x"
      }
    },
    "node_modules/common-tags": {
      "version": "1.8.2",
      "resolved": "https://registry.npmjs.org/common-tags/-/common-tags-1.8.2.tgz",
      "integrity": "sha512-gk/Z852D2Wtb//0I+kRFNKKE9dIIVirjoqPoA1wJU+XePVXZfGeBpk45+A1rKO4Q43prqWBNY/MiIeRLbPWUaA==",
      "engines": {
        "node": ">=4.0.0"
      }
    },
    "node_modules/lodash.clone": {
      "version": "4.5.0",
      "resolved": "https://registry.npmjs.org/lodash.clone/-/lodash.clone-4.5.0.tgz",
      "integrity": "sha1-GVhwRQ9aExkkeN9Lw9I9LeoZB7Y="
    },
    "node_modules/lodash.clonedeep": {
      "version": "4.5.0",
      "resolved": "https://registry.npmjs.org/lodash.clonedeep/-/lodash.clonedeep-4.5.0.tgz",
      "integrity": "sha1-4j8/nE+Pvd6HJSnBBxhXoIblzO8="
    },
    "node_modules/meriyah": {
      "version": "1.9.15",
      "resolved": "https://registry.npmjs.org/meriyah/-/meriyah-1.9.15.tgz",
      "integrity": "sha512-D4rT6XIYGqZab0EI/xbihUpwh0WbNRVQ35l2J/5QC2atxaI8h3KvA55DEJLBB/FRdaji7JwkNehfCRjCyjCjqw==",
      "engines": {
        "node": ">=6.0.0"
      }
    },
    "node_modules/reflect-metadata": {
      "version": "0.1.13",
      "resolved": "https://registry.npmjs.org/reflect-metadata/-/reflect-metadata-0.1.13.tgz",
      "integrity": "sha512-Ts1Y/anZELhSsjMcU605fU9RE4Oi3p5ORujwbIKXfWa+0Zxs510Qrmrce5/Jowq3cHSZSJqBjypxmHarc+vEWg=="
    },
    "node_modules/rxjs": {
      "version": "7.5.5",
      "resolved": "https://registry.npmjs.org/rxjs/-/rxjs-7.5.5.tgz",
      "integrity": "sha512-sy+H0pQofO95VDmFLzyaw9xNJU4KTRSwQIGM6+iG3SypAtCiLDzpeG8sJrNCWn2Up9km+KhkvTdbkrdy+yzZdw==",
      "peer": true,
      "dependencies": {
        "tslib": "^2.1.0"
      }
    },
    "node_modules/tslib": {
      "version": "2.4.0",
      "resolved": "https://registry.npmjs.org/tslib/-/tslib-2.4.0.tgz",
      "integrity": "sha512-d6xOpEDfsi2CZVlPQzGeux8XMwLT9hssAsaPYExaQMuYskwb+x1x7J371tWlbBdWHroy99KnVB6qIkUbs5X3UQ=="
    },
    "node_modules/typescript": {
      "version": "4.2.4",
      "resolved": "https://registry.npmjs.org/typescript/-/typescript-4.2.4.tgz",
      "integrity": "sha512-V+evlYHZnQkaz8TRBuxTA92yZBPotr5H+WhQ7bD3hZUndx5tGOa1fuCgeSjxAzM1RiN5IzvadIXTVefuuwZCRg==",
      "dev": true,
      "bin": {
        "tsc": "bin/tsc",
        "tsserver": "bin/tsserver"
      },
      "engines": {
        "node": ">=4.2.0"
      }
    },
    "node_modules/uri-template-lite": {
      "version": "22.9.0",
      "resolved": "https://registry.npmjs.org/uri-template-lite/-/uri-template-lite-22.9.0.tgz",
      "integrity": "sha512-cmGZaykSWEQ5UXKaGKnUS8zFvfp8j1Jvn7dlq3P7tGd5XeybXcfo0xnVBRWiNEp80nO1GYgCLwoaRJ8WMmmk3Q=="
    }
  },
  "dependencies": {
    "@js-joda/core": {
      "version": "5.2.0",
      "resolved": "https://registry.npmjs.org/@js-joda/core/-/core-5.2.0.tgz",
      "integrity": "sha512-0OriPYIaMLB3XiLQMe0BXKVIqeriTn3H7JMOzTsHEtt7Zqq+TetCu97KnAhU3ckiQZKBxfZshft+H1OC4D1lXw=="
    },
    "@outfoxx/cbor-redux": {
      "version": "0.3.1",
      "resolved": "https://registry.npmjs.org/@outfoxx/cbor-redux/-/cbor-redux-0.3.1.tgz",
      "integrity": "sha512-C7OwetD2nutZVwaS5YYcMh5C0Xmqb/cEEVjjlcd2Pr22suGub7lWlUwiLm/p65QqTX73V+UaW4oPnhW8yej+EA=="
    },
    "@outfoxx/jackson-js": {
      "version": "1.4.0",
      "resolved": "https://registry.npmjs.org/@outfoxx/jackson-js/-/jackson-js-1.4.0.tgz",
      "integrity": "sha512-ZWiMDjJHmm9dYeC+tssJtPYKj/zS1QqPQ0yddSrsFPStQWoj3jCF4JJej11osRtGsyHjFOQggRgjE0d93o44IA==",
      "requires": {
        "lodash.clone": "^4.5.0",
        "lodash.clonedeep": "^4.5.0",
        "meriyah": "^1.9.12",
        "reflect-metadata": "^0.1.13"
      }
    },
    "@outfoxx/sunday": {
      "version": "1.1.0-beta.3",
      "resolved": "https://registry.npmjs.org/@outfoxx/sunday/-/sunday-1.1.0-beta.3.tgz",
      "integrity": "sha512-/Vv+4BHccAylPDZ+pzPoQADia4mvztefVZbMT4vwYlqfXSMGe01z/NFJQFPzPpaqM/NTZrnLK/iqUcfIcTrTjw==",
      "requires": {
        "@js-joda/core": "5.2.x",
        "@outfoxx/cbor-redux": "0.3.x",
        "@outfoxx/jackson-js": "1.4.x",
        "common-tags": "1.8.x",
        "tslib": "2.4.x",
        "uri-template-lite": "^22.9.0"
      }
    },
    "common-tags": {
      "version": "1.8.2",
      "resolved": "https://registry.npmjs.org/common-tags/-/common-tags-1.8.2.tgz",
      "integrity": "sha512-gk/Z852D2Wtb//0I+kRFNKKE9dIIVirjoqPoA1wJU+XePVXZfGeBpk45+A1rKO4Q43prqWBNY/MiIeRLbPWUaA=="
    },
    "lodash.clone": {
      "version": "4.5.0",
      "resolved": "https://registry.npmjs.org/lodash.clone/-/lodash.clone-4.5.0.tgz",
      "integrity": "sha1-GVhwRQ9aExkkeN9Lw9I9LeoZB7Y="
    },
    "lodash.clonedeep": {
      "version": "4.5.0",
      "resolved": "https://registry.npmjs.org/lodash.clonedeep/-/lodash.clonedeep-4.5.0.tgz",
      "integrity": "sha1-4j8/nE+Pvd6HJSnBBxhXoIblzO8="
    },
    "meriyah": {
      "version": "1.9.15",
      "resolved": "https://registry.npmjs.org/meriyah/-/meriyah-1.9.15.tgz",
      "integrity": "sha512-D4rT6XIYGqZab0EI/xbihUpwh0WbNRVQ35l2J/5QC2atxaI8h3KvA55DEJLBB/FRdaji7JwkNehfCRjCyjCjqw=="
    },
    "reflect-metadata": {
      "version": "0.1.13",
      "resolved": "https://registry.npmjs.org/reflect-metadata/-/reflect-metadata-0.1.13.tgz",
      "integrity": "sha512-Ts1Y/anZELhSsjMcU605fU9RE4Oi3p5ORujwbIKXfWa+0Zxs510Qrmrce5/Jowq3cHSZSJqBjypxmHarc+vEWg=="
    },
    "rxjs": {
      "version": "7.5.5",
      "resolved": "https://registry.npmjs.org/rxjs/-/rxjs-7.5.5.tgz",
      "integrity": "sha512-sy+H0pQofO95VDmFLzyaw9xNJU4KTRSwQIGM6+iG3SypAtCiLDzpeG8sJrNCWn2Up9km+KhkvTdbkrdy+yzZdw==",
      "peer": true,
      "requires": {
        "tslib": "^2.1.0"
      }
    },
    "tslib": {
      "version": "2.4.0",
      "resolved": "https://registry.npmjs.org/tslib/-/tslib-2.4.0.tgz",
      "integrity": "sha512-d6xOpEDfsi2CZVlPQzGeux8XMwLT9hssAsaPYExaQMuYskwb+x1x7J371tWlbBdWHroy99KnVB6qIkUbs5X3UQ=="
    },
    "typescript": {
      "version": "4.2.4",
      "resolved": "https://registry.npmjs.org/typescript/-/typescript-4.2.4.tgz",
      "integrity": "sha512-V+evlYHZnQkaz8TRBuxTA92yZBPotr5H+WhQ7bD3hZUndx5tGOa1fuCgeSjxAzM1RiN5IzvadIXTVefuuwZCRg==",
      "dev": true
    },
    "uri-template-lite": {
      "version": "22.9.0",
      "resolved": "https://registry.npmjs.org/uri-template-lite/-/uri-template-lite-22.9.0.tgz",
      "integrity": "sha512-cmGZaykSWEQ5UXKaGKnUS8zFvfp8j1Jvn7dlq3P7tGd5XeybXcfo0xnVBRWiNEp80nO1GYgCLwoaRJ8WMmmk3Q=="
    }
  }
}
